// !$*UTF8*$!
{
	archiveVersion = 1;
	classes = {
	};
	objectVersion = 56;
	objects = {

/* Begin PBXBuildFile section */
		1B5092532B3EEBF200BC5BED /* EditViewController.swift in Sources */ = {isa = PBXBuildFile; fileRef = 1B5092522B3EEBF200BC5BED /* EditViewController.swift */; };
		1B57DC102B3CA41C00AB77ED /* AppDelegate.swift in Sources */ = {isa = PBXBuildFile; fileRef = 1B57DC0F2B3CA41C00AB77ED /* AppDelegate.swift */; };
		1B57DC122B3CA41C00AB77ED /* SceneDelegate.swift in Sources */ = {isa = PBXBuildFile; fileRef = 1B57DC112B3CA41C00AB77ED /* SceneDelegate.swift */; };
		1B57DC142B3CA41C00AB77ED /* ViewController.swift in Sources */ = {isa = PBXBuildFile; fileRef = 1B57DC132B3CA41C00AB77ED /* ViewController.swift */; };
		1B57DC172B3CA41C00AB77ED /* Main.storyboard in Resources */ = {isa = PBXBuildFile; fileRef = 1B57DC152B3CA41C00AB77ED /* Main.storyboard */; };
		1B57DC1A2B3CA41C00AB77ED /* PICSPLAY3.xcdatamodeld in Sources */ = {isa = PBXBuildFile; fileRef = 1B57DC182B3CA41C00AB77ED /* PICSPLAY3.xcdatamodeld */; };
		1B57DC1C2B3CA41D00AB77ED /* Assets.xcassets in Resources */ = {isa = PBXBuildFile; fileRef = 1B57DC1B2B3CA41D00AB77ED /* Assets.xcassets */; };
		1B57DC1F2B3CA41D00AB77ED /* LaunchScreen.storyboard in Resources */ = {isa = PBXBuildFile; fileRef = 1B57DC1D2B3CA41D00AB77ED /* LaunchScreen.storyboard */; };
/* End PBXBuildFile section */

/* Begin PBXFileReference section */
		1B5092522B3EEBF200BC5BED /* EditViewController.swift */ = {isa = PBXFileReference; lastKnownFileType = sourcecode.swift; path = EditViewController.swift; sourceTree = "<group>"; };
		1B57DC0C2B3CA41C00AB77ED /* PICSPLAY3.app */ = {isa = PBXFileReference; explicitFileType = wrapper.application; includeInIndex = 0; path = PICSPLAY3.app; sourceTree = BUILT_PRODUCTS_DIR; };
		1B57DC0F2B3CA41C00AB77ED /* AppDelegate.swift */ = {isa = PBXFileReference; lastKnownFileType = sourcecode.swift; path = AppDelegate.swift; sourceTree = "<group>"; };
		1B57DC112B3CA41C00AB77ED /* SceneDelegate.swift */ = {isa = PBXFileReference; lastKnownFileType = sourcecode.swift; path = SceneDelegate.swift; sourceTree = "<group>"; };
		1B57DC132B3CA41C00AB77ED /* ViewController.swift */ = {isa = PBXFileReference; lastKnownFileType = sourcecode.swift; path = ViewController.swift; sourceTree = "<group>"; };
		1B57DC162B3CA41C00AB77ED /* Base */ = {isa = PBXFileReference; lastKnownFileType = file.storyboard; name = Base; path = Base.lproj/Main.storyboard; sourceTree = "<group>"; };
		1B57DC192B3CA41C00AB77ED /* PICSPLAY3.xcdatamodel */ = {isa = PBXFileReference; lastKnownFileType = wrapper.xcdatamodel; path = PICSPLAY3.xcdatamodel; sourceTree = "<group>"; };
		1B57DC1B2B3CA41D00AB77ED /* Assets.xcassets */ = {isa = PBXFileReference; lastKnownFileType = folder.assetcatalog; path = Assets.xcassets; sourceTree = "<group>"; };
		1B57DC1E2B3CA41D00AB77ED /* Base */ = {isa = PBXFileReference; lastKnownFileType = file.storyboard; name = Base; path = Base.lproj/LaunchScreen.storyboard; sourceTree = "<group>"; };
		1B57DC202B3CA41D00AB77ED /* Info.plist */ = {isa = PBXFileReference; lastKnownFileType = text.plist.xml; path = Info.plist; sourceTree = "<group>"; };
/* End PBXFileReference section */

/* Begin PBXFrameworksBuildPhase section */
		1B57DC092B3CA41C00AB77ED /* Frameworks */ = {
			isa = PBXFrameworksBuildPhase;
			buildActionMask = 2147483647;
			files = (
			);
			runOnlyForDeploymentPostprocessing = 0;
		};
/* End PBXFrameworksBuildPhase section */

/* Begin PBXGroup section */
		1B57DC032B3CA41C00AB77ED = {
			isa = PBXGroup;
			children = (
				1B57DC0E2B3CA41C00AB77ED /* PICSPLAY3 */,
				1B57DC0D2B3CA41C00AB77ED /* Products */,
			);
			sourceTree = "<group>";
		};
		1B57DC0D2B3CA41C00AB77ED /* Products */ = {
			isa = PBXGroup;
			children = (
				1B57DC0C2B3CA41C00AB77ED /* PICSPLAY3.app */,
			);
			name = Products;
			sourceTree = "<group>";
		};
		1B57DC0E2B3CA41C00AB77ED /* PICSPLAY3 */ = {
			isa = PBXGroup;
			children = (
				1B57DC0F2B3CA41C00AB77ED /* AppDelegate.swift */,
				1B57DC112B3CA41C00AB77ED /* SceneDelegate.swift */,
				1B57DC152B3CA41C00AB77ED /* Main.storyboard */,
				1B5092522B3EEBF200BC5BED /* EditViewController.swift */,
				1B57DC132B3CA41C00AB77ED /* ViewController.swift */,
				1B57DC1B2B3CA41D00AB77ED /* Assets.xcassets */,
				1B57DC1D2B3CA41D00AB77ED /* LaunchScreen.storyboard */,
				1B57DC202B3CA41D00AB77ED /* Info.plist */,
				1B57DC182B3CA41C00AB77ED /* PICSPLAY3.xcdatamodeld */,
			);
			path = PICSPLAY3;
			sourceTree = "<group>";
		};
/* End PBXGroup section */

/* Begin PBXNativeTarget section */
		1B57DC0B2B3CA41C00AB77ED /* PICSPLAY3 */ = {
			isa = PBXNativeTarget;
			buildConfigurationList = 1B57DC232B3CA41D00AB77ED /* Build configuration list for PBXNativeTarget "PICSPLAY3" */;
			buildPhases = (
				1B57DC082B3CA41C00AB77ED /* Sources */,
				1B57DC092B3CA41C00AB77ED /* Frameworks */,
				1B57DC0A2B3CA41C00AB77ED /* Resources */,
			);
			buildRules = (
			);
			dependencies = (
			);
			name = PICSPLAY3;
			productName = PICSPLAY3;
			productReference = 1B57DC0C2B3CA41C00AB77ED /* PICSPLAY3.app */;
			productType = "com.apple.product-type.application";
		};
/* End PBXNativeTarget section */

/* Begin PBXProject section */
		1B57DC042B3CA41C00AB77ED /* Project object */ = {
			isa = PBXProject;
			attributes = {
				BuildIndependentTargetsInParallel = 1;
				LastSwiftUpdateCheck = 1510;
				LastUpgradeCheck = 1510;
				TargetAttributes = {
					1B57DC0B2B3CA41C00AB77ED = {
						CreatedOnToolsVersion = 15.1;
					};
				};
			};
			buildConfigurationList = 1B57DC072B3CA41C00AB77ED /* Build configuration list for PBXProject "PICSPLAY3" */;
			compatibilityVersion = "Xcode 14.0";
			developmentRegion = en;
			hasScannedForEncodings = 0;
			knownRegions = (
				en,
				Base,
			);
			mainGroup = 1B57DC032B3CA41C00AB77ED;
			productRefGroup = 1B57DC0D2B3CA41C00AB77ED /* Products */;
			projectDirPath = "";
			projectRoot = "";
			targets = (
				1B57DC0B2B3CA41C00AB77ED /* PICSPLAY3 */,
			);
		};
/* End PBXProject section */

/* Begin PBXResourcesBuildPhase section */
		1B57DC0A2B3CA41C00AB77ED /* Resources */ = {
			isa = PBXResourcesBuildPhase;
			buildActionMask = 2147483647;
			files = (
				1B57DC1F2B3CA41D00AB77ED /* LaunchScreen.storyboard in Resources */,
				1B57DC1C2B3CA41D00AB77ED /* Assets.xcassets in Resources */,
				1B57DC172B3CA41C00AB77ED /* Main.storyboard in Resources */,
			);
			runOnlyForDeploymentPostprocessing = 0;
		};
/* End PBXResourcesBuildPhase section */

/* Begin PBXSourcesBuildPhase section */
		1B57DC082B3CA41C00AB77ED /* Sources */ = {
			isa = PBXSourcesBuildPhase;
			buildActionMask = 2147483647;
			files = (
				1B5092532B3EEBF200BC5BED /* EditViewController.swift in Sources */,
				1B57DC142B3CA41C00AB77ED /* ViewController.swift in Sources */,
				1B57DC102B3CA41C00AB77ED /* AppDelegate.swift in Sources */,
				1B57DC1A2B3CA41C00AB77ED /* PICSPLAY3.xcdatamodeld in Sources */,
				1B57DC122B3CA41C00AB77ED /* SceneDelegate.swift in Sources */,
			);
			runOnlyForDeploymentPostprocessing = 0;
		};
/* End PBXSourcesBuildPhase section */

/* Begin PBXVariantGroup section */
		1B57DC152B3CA41C00AB77ED /* Main.storyboard */ = {
			isa = PBXVariantGroup;
			children = (
				1B57DC162B3CA41C00AB77ED /* Base */,
			);
			name = Main.storyboard;
			sourceTree = "<group>";
		};
		1B57DC1D2B3CA41D00AB77ED /* LaunchScreen.storyboard */ = {
			isa = PBXVariantGroup;
			children = (
				1B57DC1E2B3CA41D00AB77ED /* Base */,
			);
			name = LaunchScreen.storyboard;
			sourceTree = "<group>";
		};
/* End PBXVariantGroup section */

/* Begin XCBuildConfiguration section */
		1B57DC212B3CA41D00AB77ED /* Debug */ = {
			isa = XCBuildConfiguration;
			buildSettings = {
				ALWAYS_SEARCH_USER_PATHS = NO;
				ASSETCATALOG_COMPILER_GENERATE_SWIFT_ASSET_SYMBOL_EXTENSIONS = YES;
				CLANG_ANALYZER_NONNULL = YES;
				CLANG_ANALYZER_NUMBER_OBJECT_CONVERSION = YES_AGGRESSIVE;
				CLANG_CXX_LANGUAGE_STANDARD = "gnu++20";
				CLANG_ENABLE_MODULES = YES;
				CLANG_ENABLE_OBJC_ARC = YES;
				CLANG_ENABLE_OBJC_WEAK = YES;
				CLANG_WARN_BLOCK_CAPTURE_AUTORELEASING = YES;
				CLANG_WARN_BOOL_CONVERSION = YES;
				CLANG_WARN_COMMA = YES;
				CLANG_WARN_CONSTANT_CONVERSION = YES;
				CLANG_WARN_DEPRECATED_OBJC_IMPLEMENTATIONS = YES;
				CLANG_WARN_DIRECT_OBJC_ISA_USAGE = YES_ERROR;
				CLANG_WARN_DOCUMENTATION_COMMENTS = YES;
				CLANG_WARN_EMPTY_BODY = YES;
				CLANG_WARN_ENUM_CONVERSION = YES;
				CLANG_WARN_INFINITE_RECURSION = YES;
				CLANG_WARN_INT_CONVERSION = YES;
				CLANG_WARN_NON_LITERAL_NULL_CONVERSION = YES;
				CLANG_WARN_OBJC_IMPLICIT_RETAIN_SELF = YES;
				CLANG_WARN_OBJC_LITERAL_CONVERSION = YES;
				CLANG_WARN_OBJC_ROOT_CLASS = YES_ERROR;
				CLANG_WARN_QUOTED_INCLUDE_IN_FRAMEWORK_HEADER = YES;
				CLANG_WARN_RANGE_LOOP_ANALYSIS = YES;
				CLANG_WARN_STRICT_PROTOTYPES = YES;
				CLANG_WARN_SUSPICIOUS_MOVE = YES;
				CLANG_WARN_UNGUARDED_AVAILABILITY = YES_AGGRESSIVE;
				CLANG_WARN_UNREACHABLE_CODE = YES;
				CLANG_WARN__DUPLICATE_METHOD_MATCH = YES;
				COPY_PHASE_STRIP = NO;
				DEBUG_INFORMATION_FORMAT = dwarf;
				ENABLE_STRICT_OBJC_MSGSEND = YES;
				ENABLE_TESTABILITY = YES;
				ENABLE_USER_SCRIPT_SANDBOXING = YES;
				GCC_C_LANGUAGE_STANDARD = gnu17;
				GCC_DYNAMIC_NO_PIC = NO;
				GCC_NO_COMMON_BLOCKS = YES;
				GCC_OPTIMIZATION_LEVEL = 0;
				GCC_PREPROCESSOR_DEFINITIONS = (
					"DEBUG=1",
					"$(inherited)",
				);
				GCC_WARN_64_TO_32_BIT_CONVERSION = YES;
				GCC_WARN_ABOUT_RETURN_TYPE = YES_ERROR;
				GCC_WARN_UNDECLARED_SELECTOR = YES;
				GCC_WARN_UNINITIALIZED_AUTOS = YES_AGGRESSIVE;
				GCC_WARN_UNUSED_FUNCTION = YES;
				GCC_WARN_UNUSED_VARIABLE = YES;
				IPHONEOS_DEPLOYMENT_TARGET = 17.2;
				LOCALIZATION_PREFERS_STRING_CATALOGS = YES;
				MTL_ENABLE_DEBUG_INFO = INCLUDE_SOURCE;
				MTL_FAST_MATH = YES;
				ONLY_ACTIVE_ARCH = YES;
				SDKROOT = iphoneos;
				SWIFT_ACTIVE_COMPILATION_CONDITIONS = "DEBUG $(inherited)";
				SWIFT_OPTIMIZATION_LEVEL = "-Onone";
			};
			name = Debug;
		};
		1B57DC222B3CA41D00AB77ED /* Release */ = {
			isa = XCBuildConfiguration;
			buildSettings = {
				ALWAYS_SEARCH_USER_PATHS = NO;
				ASSETCATALOG_COMPILER_GENERATE_SWIFT_ASSET_SYMBOL_EXTENSIONS = YES;
				CLANG_ANALYZER_NONNULL = YES;
				CLANG_ANALYZER_NUMBER_OBJECT_CONVERSION = YES_AGGRESSIVE;
				CLANG_CXX_LANGUAGE_STANDARD = "gnu++20";
				CLANG_ENABLE_MODULES = YES;
				CLANG_ENABLE_OBJC_ARC = YES;
				CLANG_ENABLE_OBJC_WEAK = YES;
				CLANG_WARN_BLOCK_CAPTURE_AUTORELEASING = YES;
				CLANG_WARN_BOOL_CONVERSION = YES;
				CLANG_WARN_COMMA = YES;
				CLANG_WARN_CONSTANT_CONVERSION = YES;
				CLANG_WARN_DEPRECATED_OBJC_IMPLEMENTATIONS = YES;
				CLANG_WARN_DIRECT_OBJC_ISA_USAGE = YES_ERROR;
				CLANG_WARN_DOCUMENTATION_COMMENTS = YES;
				CLANG_WARN_EMPTY_BODY = YES;
				CLANG_WARN_ENUM_CONVERSION = YES;
				CLANG_WARN_INFINITE_RECURSION = YES;
				CLANG_WARN_INT_CONVERSION = YES;
				CLANG_WARN_NON_LITERAL_NULL_CONVERSION = YES;
				CLANG_WARN_OBJC_IMPLICIT_RETAIN_SELF = YES;
				CLANG_WARN_OBJC_LITERAL_CONVERSION = YES;
				CLANG_WARN_OBJC_ROOT_CLASS = YES_ERROR;
				CLANG_WARN_QUOTED_INCLUDE_IN_FRAMEWORK_HEADER = YES;
				CLANG_WARN_RANGE_LOOP_ANALYSIS = YES;
				CLANG_WARN_STRICT_PROTOTYPES = YES;
				CLANG_WARN_SUSPICIOUS_MOVE = YES;
				CLANG_WARN_UNGUARDED_AVAILABILITY = YES_AGGRESSIVE;
				CLANG_WARN_UNREACHABLE_CODE = YES;
				CLANG_WARN__DUPLICATE_METHOD_MATCH = YES;
				COPY_PHASE_STRIP = NO;
				DEBUG_INFORMATION_FORMAT = "dwarf-with-dsym";
				ENABLE_NS_ASSERTIONS = NO;
				ENABLE_STRICT_OBJC_MSGSEND = YES;
				ENABLE_USER_SCRIPT_SANDBOXING = YES;
				GCC_C_LANGUAGE_STANDARD = gnu17;
				GCC_NO_COMMON_BLOCKS = YES;
				GCC_WARN_64_TO_32_BIT_CONVERSION = YES;
				GCC_WARN_ABOUT_RETURN_TYPE = YES_ERROR;
				GCC_WARN_UNDECLARED_SELECTOR = YES;
				GCC_WARN_UNINITIALIZED_AUTOS = YES_AGGRESSIVE;
				GCC_WARN_UNUSED_FUNCTION = YES;
				GCC_WARN_UNUSED_VARIABLE = YES;
				IPHONEOS_DEPLOYMENT_TARGET = 17.2;
				LOCALIZATION_PREFERS_STRING_CATALOGS = YES;
				MTL_ENABLE_DEBUG_INFO = NO;
				MTL_FAST_MATH = YES;
				SDKROOT = iphoneos;
				SWIFT_COMPILATION_MODE = wholemodule;
				VALIDATE_PRODUCT = YES;
			};
			name = Release;
		};
		1B57DC242B3CA41D00AB77ED /* Debug */ = {
			isa = XCBuildConfiguration;
			buildSettings = {
				ASSETCATALOG_COMPILER_APPICON_NAME = AppIcon;
				ASSETCATALOG_COMPILER_GLOBAL_ACCENT_COLOR_NAME = AccentColor;
				CODE_SIGN_STYLE = Automatic;
				CURRENT_PROJECT_VERSION = 1;
				DEVELOPMENT_TEAM = JJ2D372S4X;
				GENERATE_INFOPLIST_FILE = YES;
				INFOPLIST_FILE = PICSPLAY3/Info.plist;
				INFOPLIST_KEY_UIApplicationSupportsIndirectInputEvents = YES;
				INFOPLIST_KEY_UILaunchStoryboardName = LaunchScreen;
				INFOPLIST_KEY_UIMainStoryboardFile = Main;
				INFOPLIST_KEY_UISupportedInterfaceOrientations_iPad = "UIInterfaceOrientationPortrait UIInterfaceOrientationPortraitUpsideDown UIInterfaceOrientationLandscapeLeft UIInterfaceOrientationLandscapeRight";
				INFOPLIST_KEY_UISupportedInterfaceOrientations_iPhone = "UIInterfaceOrientationPortrait UIInterfaceOrientationLandscapeLeft UIInterfaceOrientationLandscapeRight";
				IPHONEOS_DEPLOYMENT_TARGET = 14.0;
				LD_RUNPATH_SEARCH_PATHS = (
					"$(inherited)",
					"@executable_path/Frameworks",
				);
				MARKETING_VERSION = 1.0;
				PRODUCT_BUNDLE_IDENTIFIER = com.yourcompany.PICSPLAY3;
				PRODUCT_NAME = "$(TARGET_NAME)";
				SWIFT_EMIT_LOC_STRINGS = YES;
				SWIFT_VERSION = 5.0;
				TARGETED_DEVICE_FAMILY = "1,2";
			};
			name = Debug;
		};
		1B57DC252B3CA41D00AB77ED /* Release */ = {
			isa = XCBuildConfiguration;
			buildSettings = {
				ASSETCATALOG_COMPILER_APPICON_NAME = AppIcon;
				ASSETCATALOG_COMPILER_GLOBAL_ACCENT_COLOR_NAME = AccentColor;
				CODE_SIGN_STYLE = Automatic;
				CURRENT_PROJECT_VERSION = 1;
				DEVELOPMENT_TEAM = JJ2D372S4X;
				GENERATE_INFOPLIST_FILE = YES;
				INFOPLIST_FILE = PICSPLAY3/Info.plist;
				INFOPLIST_KEY_UIApplicationSupportsIndirectInputEvents = YES;
				INFOPLIST_KEY_UILaunchStoryboardName = LaunchScreen;
				INFOPLIST_KEY_UIMainStoryboardFile = Main;
				INFOPLIST_KEY_UISupportedInterfaceOrientations_iPad = "UIInterfaceOrientationPortrait UIInterfaceOrientationPortraitUpsideDown UIInterfaceOrientationLandscapeLeft UIInterfaceOrientationLandscapeRight";
				INFOPLIST_KEY_UISupportedInterfaceOrientations_iPhone = "UIInterfaceOrientationPortrait UIInterfaceOrientationLandscapeLeft UIInterfaceOrientationLandscapeRight";
				IPHONEOS_DEPLOYMENT_TARGET = 14.0;
				LD_RUNPATH_SEARCH_PATHS = (
					"$(inherited)",
					"@executable_path/Frameworks",
				);
				MARKETING_VERSION = 1.0;
				PRODUCT_BUNDLE_IDENTIFIER = com.yourcompany.PICSPLAY3;
				PRODUCT_NAME = "$(TARGET_NAME)";
				SWIFT_EMIT_LOC_STRINGS = YES;
				SWIFT_VERSION = 5.0;
				TARGETED_DEVICE_FAMILY = "1,2";
			};
			name = Release;
		};
/* End XCBuildConfiguration section */

/* Begin XCConfigurationList section */
		1B57DC072B3CA41C00AB77ED /* Build configuration list for PBXProject "PICSPLAY3" */ = {
			isa = XCConfigurationList;
			buildConfigurations = (
				1B57DC212B3CA41D00AB77ED /* Debug */,
				1B57DC222B3CA41D00AB77ED /* Release */,
			);
			defaultConfigurationIsVisible = 0;
			defaultConfigurationName = Release;
		};
		1B57DC232B3CA41D00AB77ED /* Build configuration list for PBXNativeTarget "PICSPLAY3" */ = {
			isa = XCConfigurationList;
			buildConfigurations = (
				1B57DC242B3CA41D00AB77ED /* Debug */,
				1B57DC252B3CA41D00AB77ED /* Release */,
			);
			defaultConfigurationIsVisible = 0;
			defaultConfigurationName = Release;
		};
/* End XCConfigurationList section */

/* Begin XCVersionGroup section */
		1B57DC182B3CA41C00AB77ED /* PICSPLAY3.xcdatamodeld */ = {
			isa = XCVersionGroup;
			children = (
				1B57DC192B3CA41C00AB77ED /* PICSPLAY3.xcdatamodel */,
			);
			currentVersion = 1B57DC192B3CA41C00AB77ED /* PICSPLAY3.xcdatamodel */;
			path = PICSPLAY3.xcdatamodeld;
			sourceTree = "<group>";
			versionGroupType = wrapper.xcdatamodel;
		};
/* End XCVersionGroup section */
	};
	rootObject = 1B57DC042B3CA41C00AB77ED /* Project object */;
}
